
Microsoft Visual Studio Solution File, Format Version 12.00
# Visual Studio Version 16
VisualStudioVersion = 16.0.30711.63
MinimumVisualStudioVersion = 10.0.40219.1
Project("{9A19103F-16F7-4668-BE54-9A1E7A4F7556}") = "CompraAplicativos.Consumer", "src\CompraAplicativos.Consumer\CompraAplicativos.Consumer.csproj", "{3D44FFB1-C423-419E-A4EC-DDFB166381E9}"
EndProject
Global
	GlobalSection(SolutionConfigurationPlatforms) = preSolution
		Debug|Any CPU = Debug|Any CPU
		Release|Any CPU = Release|Any CPU
	EndGlobalSection
	GlobalSection(ProjectConfigurationPlatforms) = postSolution
		{3D44FFB1-C423-419E-A4EC-DDFB166381E9}.Debug|Any CPU.ActiveCfg = Debug|Any CPU
		{3D44FFB1-C423-419E-A4EC-DDFB166381E9}.Debug|Any CPU.Build.0 = Debug|Any CPU
		{3D44FFB1-C423-419E-A4EC-DDFB166381E9}.Release|Any CPU.ActiveCfg = Release|Any CPU
		{3D44FFB1-C423-419E-A4EC-DDFB166381E9}.Release|Any CPU.Build.0 = Release|Any CPU
	EndGlobalSection
	GlobalSection(SolutionProperties) = preSolution
		HideSolutionNode = FALSE
	EndGlobalSection
	GlobalSection(ExtensibilityGlobals) = postSolution
		SolutionGuid = {D1C02935-1DDB-4587-AFC8-7F3F3B7EBD16}
	EndGlobalSection
EndGlobal
