
Microsoft Visual Studio Solution File, Format Version 12.00
# Visual Studio Version 16
VisualStudioVersion = 16.0.30711.63
MinimumVisualStudioVersion = 10.0.40219.1
Project("{9A19103F-16F7-4668-BE54-9A1E7A4F7556}") = "CompraAplicativos.Core", "src\CompraAplicativos.Core\CompraAplicativos.Core.csproj", "{8CD25915-34A0-465E-9ED8-F31D9E730A76}"
EndProject
Project("{9A19103F-16F7-4668-BE54-9A1E7A4F7556}") = "CompraAplicativos.Application", "src\CompraAplicativos.Application\CompraAplicativos.Application.csproj", "{03BAF685-D865-4CA5-BADA-C56C54AB0C6A}"
EndProject
Project("{9A19103F-16F7-4668-BE54-9A1E7A4F7556}") = "CompraAplicativos.Infrastructure", "src\CompraAplicativos.Infrastructure\CompraAplicativos.Infrastructure.csproj", "{B568DC16-686A-492C-888F-5E61F4CCA00F}"
EndProject
Project("{9A19103F-16F7-4668-BE54-9A1E7A4F7556}") = "CompraAplicativos.Api", "src\CompraAplicativos.Api\CompraAplicativos.Api.csproj", "{5B2E5142-4F02-433D-AFB5-0961B72F6F4E}"
EndProject
Project("{FAE04EC0-301F-11D3-BF4B-00C04F79EFBC}") = "CompraAplicativos.Tests", "src\CompraAplicativos.Tests\CompraAplicativos.Tests.csproj", "{2CC86F4E-BD7F-4FC3-9BFF-970A9740BAAF}"
EndProject
Global
	GlobalSection(SolutionConfigurationPlatforms) = preSolution
		Debug|Any CPU = Debug|Any CPU
		Release|Any CPU = Release|Any CPU
	EndGlobalSection
	GlobalSection(ProjectConfigurationPlatforms) = postSolution
		{8CD25915-34A0-465E-9ED8-F31D9E730A76}.Debug|Any CPU.ActiveCfg = Debug|Any CPU
		{8CD25915-34A0-465E-9ED8-F31D9E730A76}.Debug|Any CPU.Build.0 = Debug|Any CPU
		{8CD25915-34A0-465E-9ED8-F31D9E730A76}.Release|Any CPU.ActiveCfg = Release|Any CPU
		{8CD25915-34A0-465E-9ED8-F31D9E730A76}.Release|Any CPU.Build.0 = Release|Any CPU
		{03BAF685-D865-4CA5-BADA-C56C54AB0C6A}.Debug|Any CPU.ActiveCfg = Debug|Any CPU
		{03BAF685-D865-4CA5-BADA-C56C54AB0C6A}.Debug|Any CPU.Build.0 = Debug|Any CPU
		{03BAF685-D865-4CA5-BADA-C56C54AB0C6A}.Release|Any CPU.ActiveCfg = Release|Any CPU
		{03BAF685-D865-4CA5-BADA-C56C54AB0C6A}.Release|Any CPU.Build.0 = Release|Any CPU
		{B568DC16-686A-492C-888F-5E61F4CCA00F}.Debug|Any CPU.ActiveCfg = Debug|Any CPU
		{B568DC16-686A-492C-888F-5E61F4CCA00F}.Debug|Any CPU.Build.0 = Debug|Any CPU
		{B568DC16-686A-492C-888F-5E61F4CCA00F}.Release|Any CPU.ActiveCfg = Release|Any CPU
		{B568DC16-686A-492C-888F-5E61F4CCA00F}.Release|Any CPU.Build.0 = Release|Any CPU
		{5B2E5142-4F02-433D-AFB5-0961B72F6F4E}.Debug|Any CPU.ActiveCfg = Debug|Any CPU
		{5B2E5142-4F02-433D-AFB5-0961B72F6F4E}.Debug|Any CPU.Build.0 = Debug|Any CPU
		{5B2E5142-4F02-433D-AFB5-0961B72F6F4E}.Release|Any CPU.ActiveCfg = Release|Any CPU
		{5B2E5142-4F02-433D-AFB5-0961B72F6F4E}.Release|Any CPU.Build.0 = Release|Any CPU
		{2CC86F4E-BD7F-4FC3-9BFF-970A9740BAAF}.Debug|Any CPU.ActiveCfg = Debug|Any CPU
		{2CC86F4E-BD7F-4FC3-9BFF-970A9740BAAF}.Debug|Any CPU.Build.0 = Debug|Any CPU
		{2CC86F4E-BD7F-4FC3-9BFF-970A9740BAAF}.Release|Any CPU.ActiveCfg = Release|Any CPU
		{2CC86F4E-BD7F-4FC3-9BFF-970A9740BAAF}.Release|Any CPU.Build.0 = Release|Any CPU
	EndGlobalSection
	GlobalSection(SolutionProperties) = preSolution
		HideSolutionNode = FALSE
	EndGlobalSection
	GlobalSection(ExtensibilityGlobals) = postSolution
		SolutionGuid = {02158DFA-566F-4251-B8A5-ACE7913C0FF7}
	EndGlobalSection
EndGlobal
